
Microsoft Visual Studio Solution File, Format Version 12.00
# Visual Studio Version 17
VisualStudioVersion = 17.0.31903.59
MinimumVisualStudioVersion = 10.0.40219.1
Project("{FAE04EC0-301F-11D3-BF4B-00C04F79EFBC}") = "Mcap.CSharp", "Mcap.CSharp\Mcap.CSharp.csproj", "{FBF7E361-E3B5-41AD-BF82-27DEAEF56B01}"
EndProject
Project("{FAE04EC0-301F-11D3-BF4B-00C04F79EFBC}") = "Mcap.CSharp.Tests", "Mcap.CSharp.Tests\Mcap.CSharp.Tests.csproj", "{BC5B17DB-A6B3-41CC-8E73-A284495C8932}"
EndProject
Global
	GlobalSection(SolutionConfigurationPlatforms) = preSolution
		Debug|Any CPU = Debug|Any CPU
		Release|Any CPU = Release|Any CPU
	EndGlobalSection
	GlobalSection(SolutionProperties) = preSolution
		HideSolutionNode = FALSE
	EndGlobalSection
	GlobalSection(ProjectConfigurationPlatforms) = postSolution
		{FBF7E361-E3B5-41AD-BF82-27DEAEF56B01}.Debug|Any CPU.ActiveCfg = Debug|Any CPU
		{FBF7E361-E3B5-41AD-BF82-27DEAEF56B01}.Debug|Any CPU.Build.0 = Debug|Any CPU
		{FBF7E361-E3B5-41AD-BF82-27DEAEF56B01}.Release|Any CPU.ActiveCfg = Release|Any CPU
		{FBF7E361-E3B5-41AD-BF82-27DEAEF56B01}.Release|Any CPU.Build.0 = Release|Any CPU
		{BC5B17DB-A6B3-41CC-8E73-A284495C8932}.Debug|Any CPU.ActiveCfg = Debug|Any CPU
		{BC5B17DB-A6B3-41CC-8E73-A284495C8932}.Debug|Any CPU.Build.0 = Debug|Any CPU
		{BC5B17DB-A6B3-41CC-8E73-A284495C8932}.Release|Any CPU.ActiveCfg = Release|Any CPU
		{BC5B17DB-A6B3-41CC-8E73-A284495C8932}.Release|Any CPU.Build.0 = Release|Any CPU
	EndGlobalSection
EndGlobal
